// !$*UTF8*$!
{
	archiveVersion = 1;
	classes = {
	};
	objectVersion = 46;
	objects = {

/* Begin PBXBuildFile section */
		A6F25A0A1CE14A8A003D3DC9 /* Historypln+CoreDataProperties.m in Sources */ = {isa = PBXBuildFile; fileRef = A6F25A071CE14A8A003D3DC9 /* Historypln+CoreDataProperties.m */; };
		A6F25A0B1CE14A8A003D3DC9 /* Historypln.m in Sources */ = {isa = PBXBuildFile; fileRef = A6F25A091CE14A8A003D3DC9 /* Historypln.m */; };
		A6F25A0E1CE14FD0003D3DC9 /* HistoryDetail.m in Sources */ = {isa = PBXBuildFile; fileRef = A6F25A0D1CE14FD0003D3DC9 /* HistoryDetail.m */; };
		A6F25A101CE1508A003D3DC9 /* Main.storyboard in Resources */ = {isa = PBXBuildFile; fileRef = A6F25A0F1CE1508A003D3DC9 /* Main.storyboard */; };
		A70EEA741CE191EC00011DAA /* cell_history.m in Sources */ = {isa = PBXBuildFile; fileRef = A70EEA721CE191EC00011DAA /* cell_history.m */; };
		A70EEA751CE191EC00011DAA /* cell_history.xib in Resources */ = {isa = PBXBuildFile; fileRef = A70EEA731CE191EC00011DAA /* cell_history.xib */; };
		A70EEA7A1CE19B0800011DAA /* light-bulb-503881_640.jpg in Resources */ = {isa = PBXBuildFile; fileRef = A70EEA761CE19B0800011DAA /* light-bulb-503881_640.jpg */; };
		A70EEA7B1CE19B0800011DAA /* light-bulb-1358917_640.jpg in Resources */ = {isa = PBXBuildFile; fileRef = A70EEA771CE19B0800011DAA /* light-bulb-1358917_640.jpg */; };
		A70EEA7C1CE19B0800011DAA /* strommast-380181_640.jpg in Resources */ = {isa = PBXBuildFile; fileRef = A70EEA781CE19B0800011DAA /* strommast-380181_640.jpg */; };
		A70EEA7D1CE19B0800011DAA /* twilight-532720_640.jpg in Resources */ = {isa = PBXBuildFile; fileRef = A70EEA791CE19B0800011DAA /* twilight-532720_640.jpg */; };
		A70EEA7F1CE1D5E800011DAA /* reload.png in Resources */ = {isa = PBXBuildFile; fileRef = A70EEA7E1CE1D5E700011DAA /* reload.png */; };
		A756FE521CCDEF6C00547C65 /* main.m in Sources */ = {isa = PBXBuildFile; fileRef = A756FE511CCDEF6C00547C65 /* main.m */; };
		A756FE551CCDEF6C00547C65 /* AppDelegate.m in Sources */ = {isa = PBXBuildFile; fileRef = A756FE541CCDEF6C00547C65 /* AppDelegate.m */; };
		A756FE581CCDEF6C00547C65 /* ViewController.m in Sources */ = {isa = PBXBuildFile; fileRef = A756FE571CCDEF6C00547C65 /* ViewController.m */; };
		A756FE5D1CCDEF6D00547C65 /* Assets.xcassets in Resources */ = {isa = PBXBuildFile; fileRef = A756FE5C1CCDEF6D00547C65 /* Assets.xcassets */; };
		A756FE601CCDEF6D00547C65 /* LaunchScreen.storyboard in Resources */ = {isa = PBXBuildFile; fileRef = A756FE5E1CCDEF6D00547C65 /* LaunchScreen.storyboard */; };
		A771FF171CE0528D008A3C3A /* light-bulb.png in Resources */ = {isa = PBXBuildFile; fileRef = A771FF161CE0528D008A3C3A /* light-bulb.png */; };
		A771FF191CE05743008A3C3A /* light-bulb64.png in Resources */ = {isa = PBXBuildFile; fileRef = A771FF181CE05743008A3C3A /* light-bulb64.png */; };
		A771FF231CE0696E008A3C3A /* idea.png in Resources */ = {isa = PBXBuildFile; fileRef = A771FF201CE0696E008A3C3A /* idea.png */; };
		A771FF241CE0696E008A3C3A /* navigation-history-interface-symbol-of-a-clock-with-an-arrow (1).png in Resources */ = {isa = PBXBuildFile; fileRef = A771FF211CE0696E008A3C3A /* navigation-history-interface-symbol-of-a-clock-with-an-arrow (1).png */; };
		A771FF251CE0696E008A3C3A /* navigation-history-interface-symbol-of-a-clock-with-an-arrow.png in Resources */ = {isa = PBXBuildFile; fileRef = A771FF221CE0696E008A3C3A /* navigation-history-interface-symbol-of-a-clock-with-an-arrow.png */; };
		A771FF271CE06A20008A3C3A /* businessman-talking-about-data-analysis.png in Resources */ = {isa = PBXBuildFile; fileRef = A771FF261CE06A20008A3C3A /* businessman-talking-about-data-analysis.png */; };
		A771FF291CE06B37008A3C3A /* light-bulbwhite.png in Resources */ = {isa = PBXBuildFile; fileRef = A771FF281CE06B37008A3C3A /* light-bulbwhite.png */; };
		A771FF2E1CE08DC2008A3C3A /* PLN+CoreDataProperties.m in Sources */ = {isa = PBXBuildFile; fileRef = A771FF2B1CE08DC2008A3C3A /* PLN+CoreDataProperties.m */; };
		A771FF2F1CE08DC2008A3C3A /* PLN.m in Sources */ = {isa = PBXBuildFile; fileRef = A771FF2D1CE08DC2008A3C3A /* PLN.m */; };
		A790BEC01CD1B857004AB1EE /* TGLGuillotineMenu.m in Sources */ = {isa = PBXBuildFile; fileRef = A790BEBF1CD1B857004AB1EE /* TGLGuillotineMenu.m */; };
		A790BEC61CD1B86C004AB1EE /* JASidePanelController.m in Sources */ = {isa = PBXBuildFile; fileRef = A790BEC31CD1B86C004AB1EE /* JASidePanelController.m */; };
		A790BEC71CD1B86C004AB1EE /* UIViewController+JASidePanel.m in Sources */ = {isa = PBXBuildFile; fileRef = A790BEC51CD1B86C004AB1EE /* UIViewController+JASidePanel.m */; };
		A790BECB1CD1BB6A004AB1EE /* MenuKiri.m in Sources */ = {isa = PBXBuildFile; fileRef = A790BEC91CD1BB6A004AB1EE /* MenuKiri.m */; };
		A790BECC1CD1BB6A004AB1EE /* MenuKiri.xib in Resources */ = {isa = PBXBuildFile; fileRef = A790BECA1CD1BB6A004AB1EE /* MenuKiri.xib */; };
		A790BECE1CD1C0A4004AB1EE /* circle-menu.png in Resources */ = {isa = PBXBuildFile; fileRef = A790BECD1CD1C0A4004AB1EE /* circle-menu.png */; };
		A790BED21CD1C46E004AB1EE /* user1.png in Resources */ = {isa = PBXBuildFile; fileRef = A790BED11CD1C46E004AB1EE /* user1.png */; };
		A790BED41CD1C86D004AB1EE /* water-tap.png in Resources */ = {isa = PBXBuildFile; fileRef = A790BED31CD1C86D004AB1EE /* water-tap.png */; };
		A790BED61CD1CDB2004AB1EE /* water-drop.png in Resources */ = {isa = PBXBuildFile; fileRef = A790BED51CD1CDB2004AB1EE /* water-drop.png */; };
		A790BED81CD1CE11004AB1EE /* medical-app.png in Resources */ = {isa = PBXBuildFile; fileRef = A790BED71CD1CE11004AB1EE /* medical-app.png */; };
		A790BEDA1CD1CE6A004AB1EE /* brainstorm.png in Resources */ = {isa = PBXBuildFile; fileRef = A790BED91CD1CE6A004AB1EE /* brainstorm.png */; };
		A790BEDE1CD1CEF7004AB1EE /* cell_menu.m in Sources */ = {isa = PBXBuildFile; fileRef = A790BEDC1CD1CEF7004AB1EE /* cell_menu.m */; };
		A790BEDF1CD1CEF7004AB1EE /* cell_menu.xib in Resources */ = {isa = PBXBuildFile; fileRef = A790BEDD1CD1CEF7004AB1EE /* cell_menu.xib */; };
		A790BEE11CD1D45D004AB1EE /* Social.framework in Frameworks */ = {isa = PBXBuildFile; fileRef = A790BEE01CD1D45D004AB1EE /* Social.framework */; };
		A790BEE31CD1D5E9004AB1EE /* MobileCoreServices.framework in Frameworks */ = {isa = PBXBuildFile; fileRef = A790BEE21CD1D5E9004AB1EE /* MobileCoreServices.framework */; };
		A790BEE51CD1D5F8004AB1EE /* SystemConfiguration.framework in Frameworks */ = {isa = PBXBuildFile; fileRef = A790BEE41CD1D5F8004AB1EE /* SystemConfiguration.framework */; };
		A790BEE71CD1DAFC004AB1EE /* Security.framework in Frameworks */ = {isa = PBXBuildFile; fileRef = A790BEE61CD1DAFC004AB1EE /* Security.framework */; };
		A790BEE91CD1DB07004AB1EE /* CFNetwork.framework in Frameworks */ = {isa = PBXBuildFile; fileRef = A790BEE81CD1DB07004AB1EE /* CFNetwork.framework */; };
		A790BEEB1CD1DB26004AB1EE /* libz.tbd in Frameworks */ = {isa = PBXBuildFile; fileRef = A790BEEA1CD1DB26004AB1EE /* libz.tbd */; };
		A790BEED1CD1DB3A004AB1EE /* libxml2.tbd in Frameworks */ = {isa = PBXBuildFile; fileRef = A790BEEC1CD1DB3A004AB1EE /* libxml2.tbd */; };
		A790BEF11CD1E167004AB1EE /* TentangPengembang.m in Sources */ = {isa = PBXBuildFile; fileRef = A790BEEF1CD1E167004AB1EE /* TentangPengembang.m */; };
		A790BEF21CD1E167004AB1EE /* TentangPengembang.xib in Resources */ = {isa = PBXBuildFile; fileRef = A790BEF01CD1E167004AB1EE /* TentangPengembang.xib */; };
		A790BEF41CD211F6004AB1EE /* 180.png in Resources */ = {isa = PBXBuildFile; fileRef = A790BEF31CD211F6004AB1EE /* 180.png */; };
		A79310031CCDF57900DD9D85 /* KLCPopup.m in Sources */ = {isa = PBXBuildFile; fileRef = A79310021CCDF57900DD9D85 /* KLCPopup.m */; };
		A79310051CCDF5AF00DD9D85 /* QuartzCore.framework in Frameworks */ = {isa = PBXBuildFile; fileRef = A79310041CCDF5AF00DD9D85 /* QuartzCore.framework */; };
		A79310071CCDF65700DD9D85 /* UIKit.framework in Frameworks */ = {isa = PBXBuildFile; fileRef = A79310061CCDF65700DD9D85 /* UIKit.framework */; };
		A793100E1CCE00C900DD9D85 /* addDataUser.m in Sources */ = {isa = PBXBuildFile; fileRef = A793100C1CCE00C900DD9D85 /* addDataUser.m */; };
		A793100F1CCE00C900DD9D85 /* addDataUser.xib in Resources */ = {isa = PBXBuildFile; fileRef = A793100D1CCE00C900DD9D85 /* addDataUser.xib */; };
		A79310121CCE032700DD9D85 /* DetailTagihan.m in Sources */ = {isa = PBXBuildFile; fileRef = A79310111CCE032700DD9D85 /* DetailTagihan.m */; };
		A797C5D91CD345B800A1C4A3 /* Info.plist in Resources */ = {isa = PBXBuildFile; fileRef = A797C5D51CD345B800A1C4A3 /* Info.plist */; };
		A797C5DA1CD345B800A1C4A3 /* iRate.bundle in Resources */ = {isa = PBXBuildFile; fileRef = A797C5D61CD345B800A1C4A3 /* iRate.bundle */; };
		A797C5DB1CD345B800A1C4A3 /* iRate.m in Sources */ = {isa = PBXBuildFile; fileRef = A797C5D81CD345B800A1C4A3 /* iRate.m */; };
		A797C5DF1CD346E700A1C4A3 /* ATAppUpdater.m in Sources */ = {isa = PBXBuildFile; fileRef = A797C5DE1CD346E700A1C4A3 /* ATAppUpdater.m */; };
		A79B3A471CCF1B5F00B9E505 /* CoreDataManager.m in Sources */ = {isa = PBXBuildFile; fileRef = A79B3A411CCF1B5F00B9E505 /* CoreDataManager.m */; };
		A79B3A481CCF1B5F00B9E505 /* NSManagedObject+ActiveRecord.m in Sources */ = {isa = PBXBuildFile; fileRef = A79B3A431CCF1B5F00B9E505 /* NSManagedObject+ActiveRecord.m */; };
		A79B3A491CCF1B5F00B9E505 /* NSManagedObject+Mappings.m in Sources */ = {isa = PBXBuildFile; fileRef = A79B3A451CCF1B5F00B9E505 /* NSManagedObject+Mappings.m */; };
		A79B3A4E1CCF1C6200B9E505 /* SaveUser.xcdatamodeld in Sources */ = {isa = PBXBuildFile; fileRef = A79B3A4C1CCF1C6200B9E505 /* SaveUser.xcdatamodeld */; };
		A79B3A5A1CCF1D2600B9E505 /* User.m in Sources */ = {isa = PBXBuildFile; fileRef = A79B3A581CCF1D2600B9E505 /* User.m */; };
		A79B3A5E1CCF4C6F00B9E505 /* cell_user.m in Sources */ = {isa = PBXBuildFile; fileRef = A79B3A5C1CCF4C6F00B9E505 /* cell_user.m */; };
		A79B3A5F1CCF4C6F00B9E505 /* cell_user.xib in Resources */ = {isa = PBXBuildFile; fileRef = A79B3A5D1CCF4C6F00B9E505 /* cell_user.xib */; };
		A79B3A611CCF5DD500B9E505 /* libsqlite3.tbd in Frameworks */ = {isa = PBXBuildFile; fileRef = A79B3A601CCF5DD500B9E505 /* libsqlite3.tbd */; };
		A79B3A631CCF5DDD00B9E505 /* libsqlite3.0.tbd in Frameworks */ = {isa = PBXBuildFile; fileRef = A79B3A621CCF5DDD00B9E505 /* libsqlite3.0.tbd */; };
		A79B3A651CCF5DF000B9E505 /* CoreData.framework in Frameworks */ = {isa = PBXBuildFile; fileRef = A79B3A641CCF5DF000B9E505 /* CoreData.framework */; };
		A79B3A671CCF5E4D00B9E505 /* Foundation.framework in Frameworks */ = {isa = PBXBuildFile; fileRef = A79B3A661CCF5E4D00B9E505 /* Foundation.framework */; };
		A79EF8161CD0612100948CA1 /* UserData+CoreDataProperties.m in Sources */ = {isa = PBXBuildFile; fileRef = A79EF8131CD0612100948CA1 /* UserData+CoreDataProperties.m */; };
		A79EF8171CD0612100948CA1 /* UserData.m in Sources */ = {isa = PBXBuildFile; fileRef = A79EF8151CD0612100948CA1 /* UserData.m */; };
		A79EF8191CD0765D00948CA1 /* icon_dropbox@2x.png in Resources */ = {isa = PBXBuildFile; fileRef = A79EF8181CD0765D00948CA1 /* icon_dropbox@2x.png */; };
		A79EF81B1CD0789600948CA1 /* 1461749591_water.png in Resources */ = {isa = PBXBuildFile; fileRef = A79EF81A1CD0789600948CA1 /* 1461749591_water.png */; };
		A79EF81D1CD07CD500948CA1 /* 1461750676_receipt-paid-paper.png in Resources */ = {isa = PBXBuildFile; fileRef = A79EF81C1CD07CD500948CA1 /* 1461750676_receipt-paid-paper.png */; };
		A79EF81F1CD07D1F00948CA1 /* 1461750753_cash-money-wallet.png in Resources */ = {isa = PBXBuildFile; fileRef = A79EF81E1CD07D1F00948CA1 /* 1461750753_cash-money-wallet.png */; };
		A79EF8211CD0835700948CA1 /* 1461752342_add_green.png in Resources */ = {isa = PBXBuildFile; fileRef = A79EF8201CD0835700948CA1 /* 1461752342_add_green.png */; };
		A79EF8231CD0845F00948CA1 /* 1461752613_add_blue.png in Resources */ = {isa = PBXBuildFile; fileRef = A79EF8221CD0845F00948CA1 /* 1461752613_add_blue.png */; };
		A79EF8251CD084ED00948CA1 /* 1461752752_circle-add.png in Resources */ = {isa = PBXBuildFile; fileRef = A79EF8241CD084ED00948CA1 /* 1461752752_circle-add.png */; };
		A79EF8271CD0862400948CA1 /* 1461753068_user_add.png in Resources */ = {isa = PBXBuildFile; fileRef = A79EF8261CD0862400948CA1 /* 1461753068_user_add.png */; };
		A79EF82B1CD091DA00948CA1 /* WelcomeScreen.m in Sources */ = {isa = PBXBuildFile; fileRef = A79EF8291CD091DA00948CA1 /* WelcomeScreen.m */; };
		A79EF82C1CD091DA00948CA1 /* WelcomeScreen.xib in Resources */ = {isa = PBXBuildFile; fileRef = A79EF82A1CD091DA00948CA1 /* WelcomeScreen.xib */; };
		A79EF8381CD0AC9500948CA1 /* 1461762890_calendar-clock.png in Resources */ = {isa = PBXBuildFile; fileRef = A79EF8371CD0AC9500948CA1 /* 1461762890_calendar-clock.png */; };
		E57FE32A679BE9E726C6EE09 /* Pods_PDAMObj.framework in Frameworks */ = {isa = PBXBuildFile; fileRef = 486F8B2DDC70E16F0A65131A /* Pods_PDAMObj.framework */; settings = {ATTRIBUTES = (Weak, ); }; };
/* End PBXBuildFile section */

/* Begin PBXFileReference section */
		486F8B2DDC70E16F0A65131A /* Pods_PDAMObj.framework */ = {isa = PBXFileReference; explicitFileType = wrapper.framework; includeInIndex = 0; path = Pods_PDAMObj.framework; sourceTree = BUILT_PRODUCTS_DIR; };
		4B15F260D648DB6D2BC28C9C /* Pods-PDAMObj.release.xcconfig */ = {isa = PBXFileReference; includeInIndex = 1; lastKnownFileType = text.xcconfig; name = "Pods-PDAMObj.release.xcconfig"; path = "Pods/Target Support Files/Pods-PDAMObj/Pods-PDAMObj.release.xcconfig"; sourceTree = "<group>"; };
		A6F25A061CE14A8A003D3DC9 /* Historypln+CoreDataProperties.h */ = {isa = PBXFileReference; fileEncoding = 4; lastKnownFileType = sourcecode.c.h; path = "Historypln+CoreDataProperties.h"; sourceTree = "<group>"; };
		A6F25A071CE14A8A003D3DC9 /* Historypln+CoreDataProperties.m */ = {isa = PBXFileReference; fileEncoding = 4; lastKnownFileType = sourcecode.c.objc; path = "Historypln+CoreDataProperties.m"; sourceTree = "<group>"; };
		A6F25A081CE14A8A003D3DC9 /* Historypln.h */ = {isa = PBXFileReference; fileEncoding = 4; lastKnownFileType = sourcecode.c.h; path = Historypln.h; sourceTree = "<group>"; };
		A6F25A091CE14A8A003D3DC9 /* Historypln.m */ = {isa = PBXFileReference; fileEncoding = 4; lastKnownFileType = sourcecode.c.objc; path = Historypln.m; sourceTree = "<group>"; };
		A6F25A0C1CE14FD0003D3DC9 /* HistoryDetail.h */ = {isa = PBXFileReference; fileEncoding = 4; lastKnownFileType = sourcecode.c.h; path = HistoryDetail.h; sourceTree = "<group>"; };
		A6F25A0D1CE14FD0003D3DC9 /* HistoryDetail.m */ = {isa = PBXFileReference; fileEncoding = 4; lastKnownFileType = sourcecode.c.objc; path = HistoryDetail.m; sourceTree = "<group>"; };
		A6F25A0F1CE1508A003D3DC9 /* Main.storyboard */ = {isa = PBXFileReference; fileEncoding = 4; lastKnownFileType = file.storyboard; path = Main.storyboard; sourceTree = "<group>"; };
		A70EEA711CE191EC00011DAA /* cell_history.h */ = {isa = PBXFileReference; fileEncoding = 4; lastKnownFileType = sourcecode.c.h; path = cell_history.h; sourceTree = "<group>"; };
		A70EEA721CE191EC00011DAA /* cell_history.m */ = {isa = PBXFileReference; fileEncoding = 4; lastKnownFileType = sourcecode.c.objc; path = cell_history.m; sourceTree = "<group>"; };
		A70EEA731CE191EC00011DAA /* cell_history.xib */ = {isa = PBXFileReference; fileEncoding = 4; lastKnownFileType = file.xib; path = cell_history.xib; sourceTree = "<group>"; };
		A70EEA761CE19B0800011DAA /* light-bulb-503881_640.jpg */ = {isa = PBXFileReference; lastKnownFileType = image.jpeg; path = "light-bulb-503881_640.jpg"; sourceTree = "<group>"; };
		A70EEA771CE19B0800011DAA /* light-bulb-1358917_640.jpg */ = {isa = PBXFileReference; lastKnownFileType = image.jpeg; path = "light-bulb-1358917_640.jpg"; sourceTree = "<group>"; };
		A70EEA781CE19B0800011DAA /* strommast-380181_640.jpg */ = {isa = PBXFileReference; lastKnownFileType = image.jpeg; path = "strommast-380181_640.jpg"; sourceTree = "<group>"; };
		A70EEA791CE19B0800011DAA /* twilight-532720_640.jpg */ = {isa = PBXFileReference; lastKnownFileType = image.jpeg; path = "twilight-532720_640.jpg"; sourceTree = "<group>"; };
		A70EEA7E1CE1D5E700011DAA /* reload.png */ = {isa = PBXFileReference; lastKnownFileType = image.png; path = reload.png; sourceTree = "<group>"; };
		A756FE4D1CCDEF6B00547C65 /* PDAMObj.app */ = {isa = PBXFileReference; explicitFileType = wrapper.application; includeInIndex = 0; path = PDAMObj.app; sourceTree = BUILT_PRODUCTS_DIR; };
		A756FE511CCDEF6C00547C65 /* main.m */ = {isa = PBXFileReference; lastKnownFileType = sourcecode.c.objc; path = main.m; sourceTree = "<group>"; };
		A756FE531CCDEF6C00547C65 /* AppDelegate.h */ = {isa = PBXFileReference; lastKnownFileType = sourcecode.c.h; path = AppDelegate.h; sourceTree = "<group>"; };
		A756FE541CCDEF6C00547C65 /* AppDelegate.m */ = {isa = PBXFileReference; lastKnownFileType = sourcecode.c.objc; path = AppDelegate.m; sourceTree = "<group>"; };
		A756FE561CCDEF6C00547C65 /* ViewController.h */ = {isa = PBXFileReference; lastKnownFileType = sourcecode.c.h; path = ViewController.h; sourceTree = "<group>"; };
		A756FE571CCDEF6C00547C65 /* ViewController.m */ = {isa = PBXFileReference; lastKnownFileType = sourcecode.c.objc; path = ViewController.m; sourceTree = "<group>"; };
		A756FE5C1CCDEF6D00547C65 /* Assets.xcassets */ = {isa = PBXFileReference; lastKnownFileType = folder.assetcatalog; path = Assets.xcassets; sourceTree = "<group>"; };
		A756FE5F1CCDEF6D00547C65 /* Base */ = {isa = PBXFileReference; lastKnownFileType = file.storyboard; name = Base; path = Base.lproj/LaunchScreen.storyboard; sourceTree = "<group>"; };
		A756FE611CCDEF6D00547C65 /* Info.plist */ = {isa = PBXFileReference; lastKnownFileType = text.plist.xml; path = Info.plist; sourceTree = "<group>"; };
		A75FAD271CD34B49009B6E25 /* PDAMObj.entitlements */ = {isa = PBXFileReference; lastKnownFileType = text.xml; path = PDAMObj.entitlements; sourceTree = "<group>"; };
		A771FF161CE0528D008A3C3A /* light-bulb.png */ = {isa = PBXFileReference; lastKnownFileType = image.png; path = "light-bulb.png"; sourceTree = "<group>"; };
		A771FF181CE05743008A3C3A /* light-bulb64.png */ = {isa = PBXFileReference; lastKnownFileType = image.png; path = "light-bulb64.png"; sourceTree = "<group>"; };
		A771FF201CE0696E008A3C3A /* idea.png */ = {isa = PBXFileReference; lastKnownFileType = image.png; path = idea.png; sourceTree = "<group>"; };
		A771FF211CE0696E008A3C3A /* navigation-history-interface-symbol-of-a-clock-with-an-arrow (1).png */ = {isa = PBXFileReference; lastKnownFileType = image.png; path = "navigation-history-interface-symbol-of-a-clock-with-an-arrow (1).png"; sourceTree = "<group>"; };
		A771FF221CE0696E008A3C3A /* navigation-history-interface-symbol-of-a-clock-with-an-arrow.png */ = {isa = PBXFileReference; lastKnownFileType = image.png; path = "navigation-history-interface-symbol-of-a-clock-with-an-arrow.png"; sourceTree = "<group>"; };
		A771FF261CE06A20008A3C3A /* businessman-talking-about-data-analysis.png */ = {isa = PBXFileReference; lastKnownFileType = image.png; path = "businessman-talking-about-data-analysis.png"; sourceTree = "<group>"; };
		A771FF281CE06B37008A3C3A /* light-bulbwhite.png */ = {isa = PBXFileReference; lastKnownFileType = image.png; path = "light-bulbwhite.png"; sourceTree = "<group>"; };
		A771FF2A1CE08DC2008A3C3A /* PLN+CoreDataProperties.h */ = {isa = PBXFileReference; fileEncoding = 4; lastKnownFileType = sourcecode.c.h; path = "PLN+CoreDataProperties.h"; sourceTree = "<group>"; };
		A771FF2B1CE08DC2008A3C3A /* PLN+CoreDataProperties.m */ = {isa = PBXFileReference; fileEncoding = 4; lastKnownFileType = sourcecode.c.objc; path = "PLN+CoreDataProperties.m"; sourceTree = "<group>"; };
		A771FF2C1CE08DC2008A3C3A /* PLN.h */ = {isa = PBXFileReference; fileEncoding = 4; lastKnownFileType = sourcecode.c.h; path = PLN.h; sourceTree = "<group>"; };
		A771FF2D1CE08DC2008A3C3A /* PLN.m */ = {isa = PBXFileReference; fileEncoding = 4; lastKnownFileType = sourcecode.c.objc; path = PLN.m; sourceTree = "<group>"; };
		A790BEBE1CD1B857004AB1EE /* TGLGuillotineMenu.h */ = {isa = PBXFileReference; fileEncoding = 4; lastKnownFileType = sourcecode.c.h; path = TGLGuillotineMenu.h; sourceTree = "<group>"; };
		A790BEBF1CD1B857004AB1EE /* TGLGuillotineMenu.m */ = {isa = PBXFileReference; fileEncoding = 4; lastKnownFileType = sourcecode.c.objc; path = TGLGuillotineMenu.m; sourceTree = "<group>"; };
		A790BEC21CD1B86C004AB1EE /* JASidePanelController.h */ = {isa = PBXFileReference; fileEncoding = 4; lastKnownFileType = sourcecode.c.h; path = JASidePanelController.h; sourceTree = "<group>"; };
		A790BEC31CD1B86C004AB1EE /* JASidePanelController.m */ = {isa = PBXFileReference; fileEncoding = 4; lastKnownFileType = sourcecode.c.objc; path = JASidePanelController.m; sourceTree = "<group>"; };
		A790BEC41CD1B86C004AB1EE /* UIViewController+JASidePanel.h */ = {isa = PBXFileReference; fileEncoding = 4; lastKnownFileType = sourcecode.c.h; path = "UIViewController+JASidePanel.h"; sourceTree = "<group>"; };
		A790BEC51CD1B86C004AB1EE /* UIViewController+JASidePanel.m */ = {isa = PBXFileReference; fileEncoding = 4; lastKnownFileType = sourcecode.c.objc; path = "UIViewController+JASidePanel.m"; sourceTree = "<group>"; };
		A790BEC81CD1BB6A004AB1EE /* MenuKiri.h */ = {isa = PBXFileReference; fileEncoding = 4; lastKnownFileType = sourcecode.c.h; path = MenuKiri.h; sourceTree = "<group>"; };
		A790BEC91CD1BB6A004AB1EE /* MenuKiri.m */ = {isa = PBXFileReference; fileEncoding = 4; lastKnownFileType = sourcecode.c.objc; path = MenuKiri.m; sourceTree = "<group>"; };
		A790BECA1CD1BB6A004AB1EE /* MenuKiri.xib */ = {isa = PBXFileReference; fileEncoding = 4; lastKnownFileType = file.xib; path = MenuKiri.xib; sourceTree = "<group>"; };
		A790BECD1CD1C0A4004AB1EE /* circle-menu.png */ = {isa = PBXFileReference; lastKnownFileType = image.png; path = "circle-menu.png"; sourceTree = "<group>"; };
		A790BED11CD1C46E004AB1EE /* user1.png */ = {isa = PBXFileReference; lastKnownFileType = image.png; path = user1.png; sourceTree = "<group>"; };
		A790BED31CD1C86D004AB1EE /* water-tap.png */ = {isa = PBXFileReference; lastKnownFileType = image.png; path = "water-tap.png"; sourceTree = "<group>"; };
		A790BED51CD1CDB2004AB1EE /* water-drop.png */ = {isa = PBXFileReference; lastKnownFileType = image.png; path = "water-drop.png"; sourceTree = "<group>"; };
		A790BED71CD1CE11004AB1EE /* medical-app.png */ = {isa = PBXFileReference; lastKnownFileType = image.png; path = "medical-app.png"; sourceTree = "<group>"; };
		A790BED91CD1CE6A004AB1EE /* brainstorm.png */ = {isa = PBXFileReference; lastKnownFileType = image.png; path = brainstorm.png; sourceTree = "<group>"; };
		A790BEDB1CD1CEF7004AB1EE /* cell_menu.h */ = {isa = PBXFileReference; fileEncoding = 4; lastKnownFileType = sourcecode.c.h; path = cell_menu.h; sourceTree = "<group>"; };
		A790BEDC1CD1CEF7004AB1EE /* cell_menu.m */ = {isa = PBXFileReference; fileEncoding = 4; lastKnownFileType = sourcecode.c.objc; path = cell_menu.m; sourceTree = "<group>"; };
		A790BEDD1CD1CEF7004AB1EE /* cell_menu.xib */ = {isa = PBXFileReference; fileEncoding = 4; lastKnownFileType = file.xib; path = cell_menu.xib; sourceTree = "<group>"; };
		A790BEE01CD1D45D004AB1EE /* Social.framework */ = {isa = PBXFileReference; lastKnownFileType = wrapper.framework; name = Social.framework; path = System/Library/Frameworks/Social.framework; sourceTree = SDKROOT; };
		A790BEE21CD1D5E9004AB1EE /* MobileCoreServices.framework */ = {isa = PBXFileReference; lastKnownFileType = wrapper.framework; name = MobileCoreServices.framework; path = System/Library/Frameworks/MobileCoreServices.framework; sourceTree = SDKROOT; };
		A790BEE41CD1D5F8004AB1EE /* SystemConfiguration.framework */ = {isa = PBXFileReference; lastKnownFileType = wrapper.framework; name = SystemConfiguration.framework; path = System/Library/Frameworks/SystemConfiguration.framework; sourceTree = SDKROOT; };
		A790BEE61CD1DAFC004AB1EE /* Security.framework */ = {isa = PBXFileReference; lastKnownFileType = wrapper.framework; name = Security.framework; path = System/Library/Frameworks/Security.framework; sourceTree = SDKROOT; };
		A790BEE81CD1DB07004AB1EE /* CFNetwork.framework */ = {isa = PBXFileReference; lastKnownFileType = wrapper.framework; name = CFNetwork.framework; path = System/Library/Frameworks/CFNetwork.framework; sourceTree = SDKROOT; };
		A790BEEA1CD1DB26004AB1EE /* libz.tbd */ = {isa = PBXFileReference; lastKnownFileType = "sourcecode.text-based-dylib-definition"; name = libz.tbd; path = usr/lib/libz.tbd; sourceTree = SDKROOT; };
		A790BEEC1CD1DB3A004AB1EE /* libxml2.tbd */ = {isa = PBXFileReference; lastKnownFileType = "sourcecode.text-based-dylib-definition"; name = libxml2.tbd; path = usr/lib/libxml2.tbd; sourceTree = SDKROOT; };
		A790BEEE1CD1E167004AB1EE /* TentangPengembang.h */ = {isa = PBXFileReference; fileEncoding = 4; lastKnownFileType = sourcecode.c.h; path = TentangPengembang.h; sourceTree = "<group>"; };
		A790BEEF1CD1E167004AB1EE /* TentangPengembang.m */ = {isa = PBXFileReference; fileEncoding = 4; lastKnownFileType = sourcecode.c.objc; path = TentangPengembang.m; sourceTree = "<group>"; };
		A790BEF01CD1E167004AB1EE /* TentangPengembang.xib */ = {isa = PBXFileReference; fileEncoding = 4; lastKnownFileType = file.xib; path = TentangPengembang.xib; sourceTree = "<group>"; };
		A790BEF31CD211F6004AB1EE /* 180.png */ = {isa = PBXFileReference; lastKnownFileType = image.png; path = 180.png; sourceTree = "<group>"; };
		A79310011CCDF57900DD9D85 /* KLCPopup.h */ = {isa = PBXFileReference; fileEncoding = 4; lastKnownFileType = sourcecode.c.h; path = KLCPopup.h; sourceTree = "<group>"; };
		A79310021CCDF57900DD9D85 /* KLCPopup.m */ = {isa = PBXFileReference; fileEncoding = 4; lastKnownFileType = sourcecode.c.objc; path = KLCPopup.m; sourceTree = "<group>"; };
		A79310041CCDF5AF00DD9D85 /* QuartzCore.framework */ = {isa = PBXFileReference; lastKnownFileType = wrapper.framework; name = QuartzCore.framework; path = System/Library/Frameworks/QuartzCore.framework; sourceTree = SDKROOT; };
		A79310061CCDF65700DD9D85 /* UIKit.framework */ = {isa = PBXFileReference; lastKnownFileType = wrapper.framework; name = UIKit.framework; path = System/Library/Frameworks/UIKit.framework; sourceTree = SDKROOT; };
		A79310081CCDF71B00DD9D85 /* PrefixHeader.pch */ = {isa = PBXFileReference; lastKnownFileType = sourcecode.c.h; name = PrefixHeader.pch; path = PDAMObj/PrefixHeader.pch; sourceTree = SOURCE_ROOT; };
		A793100B1CCE00C900DD9D85 /* addDataUser.h */ = {isa = PBXFileReference; fileEncoding = 4; lastKnownFileType = sourcecode.c.h; path = addDataUser.h; sourceTree = "<group>"; };
		A793100C1CCE00C900DD9D85 /* addDataUser.m */ = {isa = PBXFileReference; fileEncoding = 4; lastKnownFileType = sourcecode.c.objc; path = addDataUser.m; sourceTree = "<group>"; };
		A793100D1CCE00C900DD9D85 /* addDataUser.xib */ = {isa = PBXFileReference; fileEncoding = 4; lastKnownFileType = file.xib; path = addDataUser.xib; sourceTree = "<group>"; };
		A79310101CCE032700DD9D85 /* DetailTagihan.h */ = {isa = PBXFileReference; fileEncoding = 4; lastKnownFileType = sourcecode.c.h; path = DetailTagihan.h; sourceTree = "<group>"; };
		A79310111CCE032700DD9D85 /* DetailTagihan.m */ = {isa = PBXFileReference; fileEncoding = 4; lastKnownFileType = sourcecode.c.objc; path = DetailTagihan.m; sourceTree = "<group>"; };
		A797C5D51CD345B800A1C4A3 /* Info.plist */ = {isa = PBXFileReference; fileEncoding = 4; lastKnownFileType = text.plist.xml; path = Info.plist; sourceTree = "<group>"; };
		A797C5D61CD345B800A1C4A3 /* iRate.bundle */ = {isa = PBXFileReference; lastKnownFileType = "wrapper.plug-in"; path = iRate.bundle; sourceTree = "<group>"; };
		A797C5D71CD345B800A1C4A3 /* iRate.h */ = {isa = PBXFileReference; fileEncoding = 4; lastKnownFileType = sourcecode.c.h; path = iRate.h; sourceTree = "<group>"; };
		A797C5D81CD345B800A1C4A3 /* iRate.m */ = {isa = PBXFileReference; fileEncoding = 4; lastKnownFileType = sourcecode.c.objc; path = iRate.m; sourceTree = "<group>"; };
		A797C5DD1CD346E700A1C4A3 /* ATAppUpdater.h */ = {isa = PBXFileReference; fileEncoding = 4; lastKnownFileType = sourcecode.c.h; path = ATAppUpdater.h; sourceTree = "<group>"; };
		A797C5DE1CD346E700A1C4A3 /* ATAppUpdater.m */ = {isa = PBXFileReference; fileEncoding = 4; lastKnownFileType = sourcecode.c.objc; path = ATAppUpdater.m; sourceTree = "<group>"; };
		A79B3A401CCF1B5F00B9E505 /* CoreDataManager.h */ = {isa = PBXFileReference; fileEncoding = 4; lastKnownFileType = sourcecode.c.h; path = CoreDataManager.h; sourceTree = "<group>"; };
		A79B3A411CCF1B5F00B9E505 /* CoreDataManager.m */ = {isa = PBXFileReference; fileEncoding = 4; lastKnownFileType = sourcecode.c.objc; path = CoreDataManager.m; sourceTree = "<group>"; };
		A79B3A421CCF1B5F00B9E505 /* NSManagedObject+ActiveRecord.h */ = {isa = PBXFileReference; fileEncoding = 4; lastKnownFileType = sourcecode.c.h; path = "NSManagedObject+ActiveRecord.h"; sourceTree = "<group>"; };
		A79B3A431CCF1B5F00B9E505 /* NSManagedObject+ActiveRecord.m */ = {isa = PBXFileReference; fileEncoding = 4; lastKnownFileType = sourcecode.c.objc; path = "NSManagedObject+ActiveRecord.m"; sourceTree = "<group>"; };
		A79B3A441CCF1B5F00B9E505 /* NSManagedObject+Mappings.h */ = {isa = PBXFileReference; fileEncoding = 4; lastKnownFileType = sourcecode.c.h; path = "NSManagedObject+Mappings.h"; sourceTree = "<group>"; };
		A79B3A451CCF1B5F00B9E505 /* NSManagedObject+Mappings.m */ = {isa = PBXFileReference; fileEncoding = 4; lastKnownFileType = sourcecode.c.objc; path = "NSManagedObject+Mappings.m"; sourceTree = "<group>"; };
		A79B3A461CCF1B5F00B9E505 /* ObjectiveRecord.h */ = {isa = PBXFileReference; fileEncoding = 4; lastKnownFileType = sourcecode.c.h; path = ObjectiveRecord.h; sourceTree = "<group>"; };
		A79B3A4D1CCF1C6200B9E505 /* SaveUser.xcdatamodel */ = {isa = PBXFileReference; lastKnownFileType = wrapper.xcdatamodel; path = SaveUser.xcdatamodel; sourceTree = "<group>"; };
		A79B3A571CCF1D2600B9E505 /* User.h */ = {isa = PBXFileReference; fileEncoding = 4; lastKnownFileType = sourcecode.c.h; path = User.h; sourceTree = "<group>"; };
		A79B3A581CCF1D2600B9E505 /* User.m */ = {isa = PBXFileReference; fileEncoding = 4; lastKnownFileType = sourcecode.c.objc; path = User.m; sourceTree = "<group>"; };
		A79B3A5B1CCF4C6F00B9E505 /* cell_user.h */ = {isa = PBXFileReference; fileEncoding = 4; lastKnownFileType = sourcecode.c.h; path = cell_user.h; sourceTree = "<group>"; };
		A79B3A5C1CCF4C6F00B9E505 /* cell_user.m */ = {isa = PBXFileReference; fileEncoding = 4; lastKnownFileType = sourcecode.c.objc; path = cell_user.m; sourceTree = "<group>"; };
		A79B3A5D1CCF4C6F00B9E505 /* cell_user.xib */ = {isa = PBXFileReference; fileEncoding = 4; lastKnownFileType = file.xib; path = cell_user.xib; sourceTree = "<group>"; };
		A79B3A601CCF5DD500B9E505 /* libsqlite3.tbd */ = {isa = PBXFileReference; lastKnownFileType = "sourcecode.text-based-dylib-definition"; name = libsqlite3.tbd; path = usr/lib/libsqlite3.tbd; sourceTree = SDKROOT; };
		A79B3A621CCF5DDD00B9E505 /* libsqlite3.0.tbd */ = {isa = PBXFileReference; lastKnownFileType = "sourcecode.text-based-dylib-definition"; name = libsqlite3.0.tbd; path = usr/lib/libsqlite3.0.tbd; sourceTree = SDKROOT; };
		A79B3A641CCF5DF000B9E505 /* CoreData.framework */ = {isa = PBXFileReference; lastKnownFileType = wrapper.framework; name = CoreData.framework; path = System/Library/Frameworks/CoreData.framework; sourceTree = SDKROOT; };
		A79B3A661CCF5E4D00B9E505 /* Foundation.framework */ = {isa = PBXFileReference; lastKnownFileType = wrapper.framework; name = Foundation.framework; path = System/Library/Frameworks/Foundation.framework; sourceTree = SDKROOT; };
		A79EF8121CD0612100948CA1 /* UserData+CoreDataProperties.h */ = {isa = PBXFileReference; fileEncoding = 4; lastKnownFileType = sourcecode.c.h; path = "UserData+CoreDataProperties.h"; sourceTree = "<group>"; };
		A79EF8131CD0612100948CA1 /* UserData+CoreDataProperties.m */ = {isa = PBXFileReference; fileEncoding = 4; lastKnownFileType = sourcecode.c.objc; path = "UserData+CoreDataProperties.m"; sourceTree = "<group>"; };
		A79EF8141CD0612100948CA1 /* UserData.h */ = {isa = PBXFileReference; fileEncoding = 4; lastKnownFileType = sourcecode.c.h; path = UserData.h; sourceTree = "<group>"; };
		A79EF8151CD0612100948CA1 /* UserData.m */ = {isa = PBXFileReference; fileEncoding = 4; lastKnownFileType = sourcecode.c.objc; path = UserData.m; sourceTree = "<group>"; };
		A79EF8181CD0765D00948CA1 /* icon_dropbox@2x.png */ = {isa = PBXFileReference; lastKnownFileType = image.png; path = "icon_dropbox@2x.png"; sourceTree = "<group>"; };
		A79EF81A1CD0789600948CA1 /* 1461749591_water.png */ = {isa = PBXFileReference; lastKnownFileType = image.png; path = 1461749591_water.png; sourceTree = "<group>"; };
		A79EF81C1CD07CD500948CA1 /* 1461750676_receipt-paid-paper.png */ = {isa = PBXFileReference; lastKnownFileType = image.png; path = "1461750676_receipt-paid-paper.png"; sourceTree = "<group>"; };
		A79EF81E1CD07D1F00948CA1 /* 1461750753_cash-money-wallet.png */ = {isa = PBXFileReference; lastKnownFileType = image.png; path = "1461750753_cash-money-wallet.png"; sourceTree = "<group>"; };
		A79EF8201CD0835700948CA1 /* 1461752342_add_green.png */ = {isa = PBXFileReference; lastKnownFileType = image.png; path = 1461752342_add_green.png; sourceTree = "<group>"; };
		A79EF8221CD0845F00948CA1 /* 1461752613_add_blue.png */ = {isa = PBXFileReference; lastKnownFileType = image.png; path = 1461752613_add_blue.png; sourceTree = "<group>"; };
		A79EF8241CD084ED00948CA1 /* 1461752752_circle-add.png */ = {isa = PBXFileReference; lastKnownFileType = image.png; path = "1461752752_circle-add.png"; sourceTree = "<group>"; };
		A79EF8261CD0862400948CA1 /* 1461753068_user_add.png */ = {isa = PBXFileReference; lastKnownFileType = image.png; path = 1461753068_user_add.png; sourceTree = "<group>"; };
		A79EF8281CD091DA00948CA1 /* WelcomeScreen.h */ = {isa = PBXFileReference; fileEncoding = 4; lastKnownFileType = sourcecode.c.h; path = WelcomeScreen.h; sourceTree = "<group>"; };
		A79EF8291CD091DA00948CA1 /* WelcomeScreen.m */ = {isa = PBXFileReference; fileEncoding = 4; lastKnownFileType = sourcecode.c.objc; path = WelcomeScreen.m; sourceTree = "<group>"; };
		A79EF82A1CD091DA00948CA1 /* WelcomeScreen.xib */ = {isa = PBXFileReference; fileEncoding = 4; lastKnownFileType = file.xib; path = WelcomeScreen.xib; sourceTree = "<group>"; };
		A79EF8371CD0AC9500948CA1 /* 1461762890_calendar-clock.png */ = {isa = PBXFileReference; lastKnownFileType = image.png; path = "1461762890_calendar-clock.png"; sourceTree = "<group>"; };
		EE3A6547A90F4D49D608DAB9 /* Pods-PDAMObj.debug.xcconfig */ = {isa = PBXFileReference; includeInIndex = 1; lastKnownFileType = text.xcconfig; name = "Pods-PDAMObj.debug.xcconfig"; path = "Pods/Target Support Files/Pods-PDAMObj/Pods-PDAMObj.debug.xcconfig"; sourceTree = "<group>"; };
/* End PBXFileReference section */

/* Begin PBXFrameworksBuildPhase section */
		A756FE4A1CCDEF6B00547C65 /* Frameworks */ = {
			isa = PBXFrameworksBuildPhase;
			buildActionMask = 2147483647;
			files = (
				A790BEED1CD1DB3A004AB1EE /* libxml2.tbd in Frameworks */,
				A790BEEB1CD1DB26004AB1EE /* libz.tbd in Frameworks */,
				A79310051CCDF5AF00DD9D85 /* QuartzCore.framework in Frameworks */,
				A790BEE91CD1DB07004AB1EE /* CFNetwork.framework in Frameworks */,
				A790BEE71CD1DAFC004AB1EE /* Security.framework in Frameworks */,
				A790BEE51CD1D5F8004AB1EE /* SystemConfiguration.framework in Frameworks */,
				A790BEE31CD1D5E9004AB1EE /* MobileCoreServices.framework in Frameworks */,
				A790BEE11CD1D45D004AB1EE /* Social.framework in Frameworks */,
				A79B3A671CCF5E4D00B9E505 /* Foundation.framework in Frameworks */,
				A79B3A651CCF5DF000B9E505 /* CoreData.framework in Frameworks */,
				A79B3A631CCF5DDD00B9E505 /* libsqlite3.0.tbd in Frameworks */,
				A79B3A611CCF5DD500B9E505 /* libsqlite3.tbd in Frameworks */,
				A79310071CCDF65700DD9D85 /* UIKit.framework in Frameworks */,
				E57FE32A679BE9E726C6EE09 /* Pods_PDAMObj.framework in Frameworks */,
			);
			runOnlyForDeploymentPostprocessing = 0;
		};
/* End PBXFrameworksBuildPhase section */

/* Begin PBXGroup section */
		277C4B8AAE483F348A5CE503 /* Frameworks */ = {
			isa = PBXGroup;
			children = (
				A790BEEC1CD1DB3A004AB1EE /* libxml2.tbd */,
				A790BEEA1CD1DB26004AB1EE /* libz.tbd */,
				A790BEE81CD1DB07004AB1EE /* CFNetwork.framework */,
				A790BEE61CD1DAFC004AB1EE /* Security.framework */,
				A790BEE41CD1D5F8004AB1EE /* SystemConfiguration.framework */,
				A790BEE21CD1D5E9004AB1EE /* MobileCoreServices.framework */,
				A790BEE01CD1D45D004AB1EE /* Social.framework */,
				A79B3A661CCF5E4D00B9E505 /* Foundation.framework */,
				A79B3A641CCF5DF000B9E505 /* CoreData.framework */,
				A79B3A621CCF5DDD00B9E505 /* libsqlite3.0.tbd */,
				A79B3A601CCF5DD500B9E505 /* libsqlite3.tbd */,
				A79310061CCDF65700DD9D85 /* UIKit.framework */,
				A79310041CCDF5AF00DD9D85 /* QuartzCore.framework */,
				486F8B2DDC70E16F0A65131A /* Pods_PDAMObj.framework */,
			);
			name = Frameworks;
			sourceTree = "<group>";
		};
		A756FE441CCDEF6B00547C65 = {
			isa = PBXGroup;
			children = (
				A756FE4F1CCDEF6C00547C65 /* PDAMObj */,
				A756FE4E1CCDEF6C00547C65 /* Products */,
				D7E7731452CE0C6F3B90F5AF /* Pods */,
				277C4B8AAE483F348A5CE503 /* Frameworks */,
			);
			sourceTree = "<group>";
		};
		A756FE4E1CCDEF6C00547C65 /* Products */ = {
			isa = PBXGroup;
			children = (
				A756FE4D1CCDEF6B00547C65 /* PDAMObj.app */,
			);
			name = Products;
			sourceTree = "<group>";
		};
		A756FE4F1CCDEF6C00547C65 /* PDAMObj */ = {
			isa = PBXGroup;
			children = (
				A75FAD271CD34B49009B6E25 /* PDAMObj.entitlements */,
				A79310081CCDF71B00DD9D85 /* PrefixHeader.pch */,
				A79EF8181CD0765D00948CA1 /* icon_dropbox@2x.png */,
				A79EF81C1CD07CD500948CA1 /* 1461750676_receipt-paid-paper.png */,
				A79EF81A1CD0789600948CA1 /* 1461749591_water.png */,
				A79EF8201CD0835700948CA1 /* 1461752342_add_green.png */,
				A79EF8221CD0845F00948CA1 /* 1461752613_add_blue.png */,
				A79EF8241CD084ED00948CA1 /* 1461752752_circle-add.png */,
				A79EF8261CD0862400948CA1 /* 1461753068_user_add.png */,
				A79EF81E1CD07D1F00948CA1 /* 1461750753_cash-money-wallet.png */,
				A79EF8371CD0AC9500948CA1 /* 1461762890_calendar-clock.png */,
				A790BECD1CD1C0A4004AB1EE /* circle-menu.png */,
				A790BED31CD1C86D004AB1EE /* water-tap.png */,
				A790BED11CD1C46E004AB1EE /* user1.png */,
				A790BED51CD1CDB2004AB1EE /* water-drop.png */,
				A790BED71CD1CE11004AB1EE /* medical-app.png */,
				A790BED91CD1CE6A004AB1EE /* brainstorm.png */,
				A790BEF31CD211F6004AB1EE /* 180.png */,
				A771FF161CE0528D008A3C3A /* light-bulb.png */,
				A771FF181CE05743008A3C3A /* light-bulb64.png */,
				A771FF201CE0696E008A3C3A /* idea.png */,
				A771FF211CE0696E008A3C3A /* navigation-history-interface-symbol-of-a-clock-with-an-arrow (1).png */,
				A771FF221CE0696E008A3C3A /* navigation-history-interface-symbol-of-a-clock-with-an-arrow.png */,
				A771FF261CE06A20008A3C3A /* businessman-talking-about-data-analysis.png */,
				A771FF281CE06B37008A3C3A /* light-bulbwhite.png */,
				A70EEA761CE19B0800011DAA /* light-bulb-503881_640.jpg */,
				A70EEA771CE19B0800011DAA /* light-bulb-1358917_640.jpg */,
				A70EEA781CE19B0800011DAA /* strommast-380181_640.jpg */,
				A70EEA791CE19B0800011DAA /* twilight-532720_640.jpg */,
				A70EEA7E1CE1D5E700011DAA /* reload.png */,
				A79B3A4B1CCF1C2F00B9E505 /* Library */,
				A756FE531CCDEF6C00547C65 /* AppDelegate.h */,
				A756FE541CCDEF6C00547C65 /* AppDelegate.m */,
				A790BEC81CD1BB6A004AB1EE /* MenuKiri.h */,
				A790BEC91CD1BB6A004AB1EE /* MenuKiri.m */,
				A790BECA1CD1BB6A004AB1EE /* MenuKiri.xib */,
				A790BEEE1CD1E167004AB1EE /* TentangPengembang.h */,
				A790BEEF1CD1E167004AB1EE /* TentangPengembang.m */,
				A790BEF01CD1E167004AB1EE /* TentangPengembang.xib */,
				A793100B1CCE00C900DD9D85 /* addDataUser.h */,
				A793100C1CCE00C900DD9D85 /* addDataUser.m */,
				A793100D1CCE00C900DD9D85 /* addDataUser.xib */,
				A756FE561CCDEF6C00547C65 /* ViewController.h */,
				A756FE571CCDEF6C00547C65 /* ViewController.m */,
				A70EEA711CE191EC00011DAA /* cell_history.h */,
				A70EEA721CE191EC00011DAA /* cell_history.m */,
				A70EEA731CE191EC00011DAA /* cell_history.xib */,
				A79EF8281CD091DA00948CA1 /* WelcomeScreen.h */,
				A79EF8291CD091DA00948CA1 /* WelcomeScreen.m */,
				A79EF82A1CD091DA00948CA1 /* WelcomeScreen.xib */,
				A6F25A0C1CE14FD0003D3DC9 /* HistoryDetail.h */,
				A6F25A0D1CE14FD0003D3DC9 /* HistoryDetail.m */,
				A6F25A0F1CE1508A003D3DC9 /* Main.storyboard */,
				A79B3A5B1CCF4C6F00B9E505 /* cell_user.h */,
				A79B3A5C1CCF4C6F00B9E505 /* cell_user.m */,
				A79B3A5D1CCF4C6F00B9E505 /* cell_user.xib */,
				A790BEDB1CD1CEF7004AB1EE /* cell_menu.h */,
				A790BEDC1CD1CEF7004AB1EE /* cell_menu.m */,
				A790BEDD1CD1CEF7004AB1EE /* cell_menu.xib */,
				A79310101CCE032700DD9D85 /* DetailTagihan.h */,
				A79310111CCE032700DD9D85 /* DetailTagihan.m */,
				A756FE5C1CCDEF6D00547C65 /* Assets.xcassets */,
				A756FE5E1CCDEF6D00547C65 /* LaunchScreen.storyboard */,
				A756FE611CCDEF6D00547C65 /* Info.plist */,
				A756FE501CCDEF6C00547C65 /* Supporting Files */,
			);
			path = PDAMObj;
			sourceTree = "<group>";
		};
		A756FE501CCDEF6C00547C65 /* Supporting Files */ = {
			isa = PBXGroup;
			children = (
				A756FE511CCDEF6C00547C65 /* main.m */,
			);
			name = "Supporting Files";
			sourceTree = "<group>";
		};
		A790BEBD1CD1B857004AB1EE /* GuillotineMenu */ = {
			isa = PBXGroup;
			children = (
				A790BEBE1CD1B857004AB1EE /* TGLGuillotineMenu.h */,
				A790BEBF1CD1B857004AB1EE /* TGLGuillotineMenu.m */,
			);
			path = GuillotineMenu;
			sourceTree = "<group>";
		};
		A790BEC11CD1B86C004AB1EE /* JASidePanels */ = {
			isa = PBXGroup;
			children = (
				A790BEC21CD1B86C004AB1EE /* JASidePanelController.h */,
				A790BEC31CD1B86C004AB1EE /* JASidePanelController.m */,
				A790BEC41CD1B86C004AB1EE /* UIViewController+JASidePanel.h */,
				A790BEC51CD1B86C004AB1EE /* UIViewController+JASidePanel.m */,
			);
			name = JASidePanels;
			path = Source;
			sourceTree = "<group>";
		};
		A79310001CCDF57900DD9D85 /* KLCPopup */ = {
			isa = PBXGroup;
			children = (
				A79310011CCDF57900DD9D85 /* KLCPopup.h */,
				A79310021CCDF57900DD9D85 /* KLCPopup.m */,
			);
			path = KLCPopup;
			sourceTree = "<group>";
		};
		A797C5D41CD345B800A1C4A3 /* iRate */ = {
			isa = PBXGroup;
			children = (
				A797C5D51CD345B800A1C4A3 /* Info.plist */,
				A797C5D61CD345B800A1C4A3 /* iRate.bundle */,
				A797C5D71CD345B800A1C4A3 /* iRate.h */,
				A797C5D81CD345B800A1C4A3 /* iRate.m */,
			);
			path = iRate;
			sourceTree = "<group>";
		};
		A797C5DC1CD346E700A1C4A3 /* ATAppUpdater */ = {
			isa = PBXGroup;
			children = (
				A797C5DD1CD346E700A1C4A3 /* ATAppUpdater.h */,
				A797C5DE1CD346E700A1C4A3 /* ATAppUpdater.m */,
			);
			path = ATAppUpdater;
			sourceTree = "<group>";
		};
		A79B3A4A1CCF1C2500B9E505 /* Core Data */ = {
			isa = PBXGroup;
			children = (
				A79B3A401CCF1B5F00B9E505 /* CoreDataManager.h */,
				A79B3A411CCF1B5F00B9E505 /* CoreDataManager.m */,
				A79B3A421CCF1B5F00B9E505 /* NSManagedObject+ActiveRecord.h */,
				A79B3A431CCF1B5F00B9E505 /* NSManagedObject+ActiveRecord.m */,
				A79B3A441CCF1B5F00B9E505 /* NSManagedObject+Mappings.h */,
				A79B3A451CCF1B5F00B9E505 /* NSManagedObject+Mappings.m */,
				A79B3A461CCF1B5F00B9E505 /* ObjectiveRecord.h */,
			);
			name = "Core Data";
			sourceTree = "<group>";
		};
		A79B3A4B1CCF1C2F00B9E505 /* Library */ = {
			isa = PBXGroup;
			children = (
				A797C5DC1CD346E700A1C4A3 /* ATAppUpdater */,
				A797C5D41CD345B800A1C4A3 /* iRate */,
				A790BEC11CD1B86C004AB1EE /* JASidePanels */,
				A790BEBD1CD1B857004AB1EE /* GuillotineMenu */,
				A79B3A4A1CCF1C2500B9E505 /* Core Data */,
				A79310001CCDF57900DD9D85 /* KLCPopup */,
				A79B3A4C1CCF1C6200B9E505 /* SaveUser.xcdatamodeld */,
				A6F25A061CE14A8A003D3DC9 /* Historypln+CoreDataProperties.h */,
				A6F25A071CE14A8A003D3DC9 /* Historypln+CoreDataProperties.m */,
				A6F25A081CE14A8A003D3DC9 /* Historypln.h */,
				A6F25A091CE14A8A003D3DC9 /* Historypln.m */,
				A771FF2A1CE08DC2008A3C3A /* PLN+CoreDataProperties.h */,
				A771FF2B1CE08DC2008A3C3A /* PLN+CoreDataProperties.m */,
				A771FF2C1CE08DC2008A3C3A /* PLN.h */,
				A771FF2D1CE08DC2008A3C3A /* PLN.m */,
				A79EF8121CD0612100948CA1 /* UserData+CoreDataProperties.h */,
				A79EF8131CD0612100948CA1 /* UserData+CoreDataProperties.m */,
				A79EF8141CD0612100948CA1 /* UserData.h */,
				A79EF8151CD0612100948CA1 /* UserData.m */,
				A79B3A571CCF1D2600B9E505 /* User.h */,
				A79B3A581CCF1D2600B9E505 /* User.m */,
			);
			name = Library;
			sourceTree = "<group>";
		};
		D7E7731452CE0C6F3B90F5AF /* Pods */ = {
			isa = PBXGroup;
			children = (
				EE3A6547A90F4D49D608DAB9 /* Pods-PDAMObj.debug.xcconfig */,
				4B15F260D648DB6D2BC28C9C /* Pods-PDAMObj.release.xcconfig */,
			);
			name = Pods;
			sourceTree = "<group>";
		};
/* End PBXGroup section */

/* Begin PBXNativeTarget section */
		A756FE4C1CCDEF6B00547C65 /* PDAMObj */ = {
			isa = PBXNativeTarget;
			buildConfigurationList = A756FE641CCDEF6D00547C65 /* Build configuration list for PBXNativeTarget "PDAMObj" */;
			buildPhases = (
				2E0E4801A6CB8A5A13403137 /* Check Pods Manifest.lock */,
				A756FE491CCDEF6B00547C65 /* Sources */,
				A756FE4A1CCDEF6B00547C65 /* Frameworks */,
				A756FE4B1CCDEF6B00547C65 /* Resources */,
				4212751C77637752B530C99C /* Copy Pods Resources */,
				0389785AF1B64C2756F214A6 /* Embed Pods Frameworks */,
			);
			buildRules = (
			);
			dependencies = (
			);
			name = PDAMObj;
			productName = PDAMObj;
			productReference = A756FE4D1CCDEF6B00547C65 /* PDAMObj.app */;
			productType = "com.apple.product-type.application";
		};
/* End PBXNativeTarget section */

/* Begin PBXProject section */
		A756FE451CCDEF6B00547C65 /* Project object */ = {
			isa = PBXProject;
			attributes = {
				LastUpgradeCheck = 0730;
				ORGANIZATIONNAME = "reisa prasaptaraya";
				TargetAttributes = {
					A756FE4C1CCDEF6B00547C65 = {
						CreatedOnToolsVersion = 7.3;
						DevelopmentTeam = S53A734269;
						SystemCapabilities = {
							com.apple.ApplicationGroups.iOS = {
								enabled = 0;
							};
							com.apple.GameCenter = {
								enabled = 0;
							};
							com.apple.InAppPurchase = {
								enabled = 0;
							};
							com.apple.Push = {
								enabled = 0;
							};
						};
					};
				};
			};
			buildConfigurationList = A756FE481CCDEF6B00547C65 /* Build configuration list for PBXProject "PDAMObj" */;
			compatibilityVersion = "Xcode 3.2";
			developmentRegion = English;
			hasScannedForEncodings = 0;
			knownRegions = (
				en,
				Base,
			);
			mainGroup = A756FE441CCDEF6B00547C65;
			productRefGroup = A756FE4E1CCDEF6C00547C65 /* Products */;
			projectDirPath = "";
			projectRoot = "";
			targets = (
				A756FE4C1CCDEF6B00547C65 /* PDAMObj */,
			);
		};
/* End PBXProject section */

/* Begin PBXResourcesBuildPhase section */
		A756FE4B1CCDEF6B00547C65 /* Resources */ = {
			isa = PBXResourcesBuildPhase;
			buildActionMask = 2147483647;
			files = (
				A79EF8271CD0862400948CA1 /* 1461753068_user_add.png in Resources */,
				A790BECC1CD1BB6A004AB1EE /* MenuKiri.xib in Resources */,
				A771FF191CE05743008A3C3A /* light-bulb64.png in Resources */,
				A79EF8191CD0765D00948CA1 /* icon_dropbox@2x.png in Resources */,
				A70EEA7F1CE1D5E800011DAA /* reload.png in Resources */,
				A79B3A5F1CCF4C6F00B9E505 /* cell_user.xib in Resources */,
				A79EF8231CD0845F00948CA1 /* 1461752613_add_blue.png in Resources */,
				A70EEA7B1CE19B0800011DAA /* light-bulb-1358917_640.jpg in Resources */,
				A797C5DA1CD345B800A1C4A3 /* iRate.bundle in Resources */,
				A79EF81F1CD07D1F00948CA1 /* 1461750753_cash-money-wallet.png in Resources */,
				A771FF171CE0528D008A3C3A /* light-bulb.png in Resources */,
				A70EEA7C1CE19B0800011DAA /* strommast-380181_640.jpg in Resources */,
				A70EEA7A1CE19B0800011DAA /* light-bulb-503881_640.jpg in Resources */,
				A771FF241CE0696E008A3C3A /* navigation-history-interface-symbol-of-a-clock-with-an-arrow (1).png in Resources */,
				A790BED21CD1C46E004AB1EE /* user1.png in Resources */,
				A756FE601CCDEF6D00547C65 /* LaunchScreen.storyboard in Resources */,
				A79EF82C1CD091DA00948CA1 /* WelcomeScreen.xib in Resources */,
				A793100F1CCE00C900DD9D85 /* addDataUser.xib in Resources */,
				A790BEDA1CD1CE6A004AB1EE /* brainstorm.png in Resources */,
				A790BEF21CD1E167004AB1EE /* TentangPengembang.xib in Resources */,
				A797C5D91CD345B800A1C4A3 /* Info.plist in Resources */,
				A771FF291CE06B37008A3C3A /* light-bulbwhite.png in Resources */,
				A79EF8381CD0AC9500948CA1 /* 1461762890_calendar-clock.png in Resources */,
				A771FF251CE0696E008A3C3A /* navigation-history-interface-symbol-of-a-clock-with-an-arrow.png in Resources */,
				A70EEA751CE191EC00011DAA /* cell_history.xib in Resources */,
				A79EF81B1CD0789600948CA1 /* 1461749591_water.png in Resources */,
				A790BEDF1CD1CEF7004AB1EE /* cell_menu.xib in Resources */,
				A790BEF41CD211F6004AB1EE /* 180.png in Resources */,
				A70EEA7D1CE19B0800011DAA /* twilight-532720_640.jpg in Resources */,
				A6F25A101CE1508A003D3DC9 /* Main.storyboard in Resources */,
				A771FF271CE06A20008A3C3A /* businessman-talking-about-data-analysis.png in Resources */,
				A79EF8251CD084ED00948CA1 /* 1461752752_circle-add.png in Resources */,
				A790BECE1CD1C0A4004AB1EE /* circle-menu.png in Resources */,
				A756FE5D1CCDEF6D00547C65 /* Assets.xcassets in Resources */,
				A790BED81CD1CE11004AB1EE /* medical-app.png in Resources */,
				A79EF81D1CD07CD500948CA1 /* 1461750676_receipt-paid-paper.png in Resources */,
				A79EF8211CD0835700948CA1 /* 1461752342_add_green.png in Resources */,
				A771FF231CE0696E008A3C3A /* idea.png in Resources */,
				A790BED61CD1CDB2004AB1EE /* water-drop.png in Resources */,
				A790BED41CD1C86D004AB1EE /* water-tap.png in Resources */,
			);
			runOnlyForDeploymentPostprocessing = 0;
		};
/* End PBXResourcesBuildPhase section */

/* Begin PBXShellScriptBuildPhase section */
		0389785AF1B64C2756F214A6 /* Embed Pods Frameworks */ = {
			isa = PBXShellScriptBuildPhase;
			buildActionMask = 2147483647;
			files = (
			);
			inputPaths = (
			);
			name = "Embed Pods Frameworks";
			outputPaths = (
			);
			runOnlyForDeploymentPostprocessing = 0;
			shellPath = /bin/sh;
			shellScript = "\"${SRCROOT}/Pods/Target Support Files/Pods-PDAMObj/Pods-PDAMObj-frameworks.sh\"\n";
			showEnvVarsInLog = 0;
		};
		2E0E4801A6CB8A5A13403137 /* Check Pods Manifest.lock */ = {
			isa = PBXShellScriptBuildPhase;
			buildActionMask = 2147483647;
			files = (
			);
			inputPaths = (
			);
			name = "Check Pods Manifest.lock";
			outputPaths = (
			);
			runOnlyForDeploymentPostprocessing = 0;
			shellPath = /bin/sh;
			shellScript = "diff \"${PODS_ROOT}/../Podfile.lock\" \"${PODS_ROOT}/Manifest.lock\" > /dev/null\nif [[ $? != 0 ]] ; then\n    cat << EOM\nerror: The sandbox is not in sync with the Podfile.lock. Run 'pod install' or update your CocoaPods installation.\nEOM\n    exit 1\nfi\n";
			showEnvVarsInLog = 0;
		};
		4212751C77637752B530C99C /* Copy Pods Resources */ = {
			isa = PBXShellScriptBuildPhase;
			buildActionMask = 2147483647;
			files = (
			);
			inputPaths = (
			);
			name = "Copy Pods Resources";
			outputPaths = (
			);
			runOnlyForDeploymentPostprocessing = 0;
			shellPath = /bin/sh;
			shellScript = "\"${SRCROOT}/Pods/Target Support Files/Pods-PDAMObj/Pods-PDAMObj-resources.sh\"\n";
			showEnvVarsInLog = 0;
		};
/* End PBXShellScriptBuildPhase section */

/* Begin PBXSourcesBuildPhase section */
		A756FE491CCDEF6B00547C65 /* Sources */ = {
			isa = PBXSourcesBuildPhase;
			buildActionMask = 2147483647;
			files = (
				A771FF2E1CE08DC2008A3C3A /* PLN+CoreDataProperties.m in Sources */,
				A79EF8161CD0612100948CA1 /* UserData+CoreDataProperties.m in Sources */,
				A756FE581CCDEF6C00547C65 /* ViewController.m in Sources */,
				A79EF8171CD0612100948CA1 /* UserData.m in Sources */,
				A790BECB1CD1BB6A004AB1EE /* MenuKiri.m in Sources */,
				A79B3A471CCF1B5F00B9E505 /* CoreDataManager.m in Sources */,
				A70EEA741CE191EC00011DAA /* cell_history.m in Sources */,
				A79B3A491CCF1B5F00B9E505 /* NSManagedObject+Mappings.m in Sources */,
				A6F25A0E1CE14FD0003D3DC9 /* HistoryDetail.m in Sources */,
				A79B3A4E1CCF1C6200B9E505 /* SaveUser.xcdatamodeld in Sources */,
				A771FF2F1CE08DC2008A3C3A /* PLN.m in Sources */,
				A790BEC61CD1B86C004AB1EE /* JASidePanelController.m in Sources */,
				A790BEC01CD1B857004AB1EE /* TGLGuillotineMenu.m in Sources */,
				A79310121CCE032700DD9D85 /* DetailTagihan.m in Sources */,
				A790BEF11CD1E167004AB1EE /* TentangPengembang.m in Sources */,
				A6F25A0B1CE14A8A003D3DC9 /* Historypln.m in Sources */,
				A790BEDE1CD1CEF7004AB1EE /* cell_menu.m in Sources */,
				A790BEC71CD1B86C004AB1EE /* UIViewController+JASidePanel.m in Sources */,
				A756FE551CCDEF6C00547C65 /* AppDelegate.m in Sources */,
				A79B3A481CCF1B5F00B9E505 /* NSManagedObject+ActiveRecord.m in Sources */,
				A756FE521CCDEF6C00547C65 /* main.m in Sources */,
				A79B3A5E1CCF4C6F00B9E505 /* cell_user.m in Sources */,
				A797C5DB1CD345B800A1C4A3 /* iRate.m in Sources */,
				A79B3A5A1CCF1D2600B9E505 /* User.m in Sources */,
				A793100E1CCE00C900DD9D85 /* addDataUser.m in Sources */,
				A79EF82B1CD091DA00948CA1 /* WelcomeScreen.m in Sources */,
				A6F25A0A1CE14A8A003D3DC9 /* Historypln+CoreDataProperties.m in Sources */,
				A797C5DF1CD346E700A1C4A3 /* ATAppUpdater.m in Sources */,
				A79310031CCDF57900DD9D85 /* KLCPopup.m in Sources */,
			);
			runOnlyForDeploymentPostprocessing = 0;
		};
/* End PBXSourcesBuildPhase section */

/* Begin PBXVariantGroup section */
		A756FE5E1CCDEF6D00547C65 /* LaunchScreen.storyboard */ = {
			isa = PBXVariantGroup;
			children = (
				A756FE5F1CCDEF6D00547C65 /* Base */,
			);
			name = LaunchScreen.storyboard;
			sourceTree = "<group>";
		};
/* End PBXVariantGroup section */

/* Begin XCBuildConfiguration section */
		A756FE621CCDEF6D00547C65 /* Debug */ = {
			isa = XCBuildConfiguration;
			buildSettings = {
				ALWAYS_SEARCH_USER_PATHS = NO;
				CLANG_ANALYZER_NONNULL = YES;
				CLANG_CXX_LANGUAGE_STANDARD = "gnu++0x";
				CLANG_CXX_LIBRARY = "libc++";
				CLANG_ENABLE_MODULES = YES;
				CLANG_ENABLE_OBJC_ARC = YES;
				CLANG_WARN_BOOL_CONVERSION = YES;
				CLANG_WARN_CONSTANT_CONVERSION = YES;
				CLANG_WARN_DIRECT_OBJC_ISA_USAGE = YES_ERROR;
				CLANG_WARN_EMPTY_BODY = YES;
				CLANG_WARN_ENUM_CONVERSION = YES;
				CLANG_WARN_INT_CONVERSION = YES;
				CLANG_WARN_OBJC_ROOT_CLASS = YES_ERROR;
				CLANG_WARN_UNREACHABLE_CODE = YES;
				CLANG_WARN__DUPLICATE_METHOD_MATCH = YES;
				"CODE_SIGN_IDENTITY[sdk=iphoneos*]" = "iPhone Developer";
				COPY_PHASE_STRIP = NO;
				DEBUG_INFORMATION_FORMAT = dwarf;
				ENABLE_STRICT_OBJC_MSGSEND = YES;
				ENABLE_TESTABILITY = YES;
				GCC_C_LANGUAGE_STANDARD = gnu99;
				GCC_DYNAMIC_NO_PIC = NO;
				GCC_NO_COMMON_BLOCKS = YES;
				GCC_OPTIMIZATION_LEVEL = 0;
				GCC_PREPROCESSOR_DEFINITIONS = (
					"DEBUG=1",
					"$(inherited)",
				);
				GCC_WARN_64_TO_32_BIT_CONVERSION = YES;
				GCC_WARN_ABOUT_RETURN_TYPE = YES_ERROR;
				GCC_WARN_UNDECLARED_SELECTOR = YES;
				GCC_WARN_UNINITIALIZED_AUTOS = YES_AGGRESSIVE;
				GCC_WARN_UNUSED_FUNCTION = YES;
				GCC_WARN_UNUSED_VARIABLE = YES;
				IPHONEOS_DEPLOYMENT_TARGET = 7.0;
				MTL_ENABLE_DEBUG_INFO = YES;
				ONLY_ACTIVE_ARCH = YES;
				SDKROOT = iphoneos;
			};
			name = Debug;
		};
		A756FE631CCDEF6D00547C65 /* Release */ = {
			isa = XCBuildConfiguration;
			buildSettings = {
				ALWAYS_SEARCH_USER_PATHS = NO;
				CLANG_ANALYZER_NONNULL = YES;
				CLANG_CXX_LANGUAGE_STANDARD = "gnu++0x";
				CLANG_CXX_LIBRARY = "libc++";
				CLANG_ENABLE_MODULES = YES;
				CLANG_ENABLE_OBJC_ARC = YES;
				CLANG_WARN_BOOL_CONVERSION = YES;
				CLANG_WARN_CONSTANT_CONVERSION = YES;
				CLANG_WARN_DIRECT_OBJC_ISA_USAGE = YES_ERROR;
				CLANG_WARN_EMPTY_BODY = YES;
				CLANG_WARN_ENUM_CONVERSION = YES;
				CLANG_WARN_INT_CONVERSION = YES;
				CLANG_WARN_OBJC_ROOT_CLASS = YES_ERROR;
				CLANG_WARN_UNREACHABLE_CODE = YES;
				CLANG_WARN__DUPLICATE_METHOD_MATCH = YES;
				"CODE_SIGN_IDENTITY[sdk=iphoneos*]" = "iPhone Developer";
				COPY_PHASE_STRIP = NO;
				DEBUG_INFORMATION_FORMAT = "dwarf-with-dsym";
				ENABLE_NS_ASSERTIONS = NO;
				ENABLE_STRICT_OBJC_MSGSEND = YES;
				GCC_C_LANGUAGE_STANDARD = gnu99;
				GCC_NO_COMMON_BLOCKS = YES;
				GCC_WARN_64_TO_32_BIT_CONVERSION = YES;
				GCC_WARN_ABOUT_RETURN_TYPE = YES_ERROR;
				GCC_WARN_UNDECLARED_SELECTOR = YES;
				GCC_WARN_UNINITIALIZED_AUTOS = YES_AGGRESSIVE;
				GCC_WARN_UNUSED_FUNCTION = YES;
				GCC_WARN_UNUSED_VARIABLE = YES;
				IPHONEOS_DEPLOYMENT_TARGET = 7.0;
				MTL_ENABLE_DEBUG_INFO = NO;
				SDKROOT = iphoneos;
				VALIDATE_PRODUCT = YES;
			};
			name = Release;
		};
		A756FE651CCDEF6D00547C65 /* Debug */ = {
			isa = XCBuildConfiguration;
			baseConfigurationReference = EE3A6547A90F4D49D608DAB9 /* Pods-PDAMObj.debug.xcconfig */;
			buildSettings = {
				ASSETCATALOG_COMPILER_APPICON_NAME = AppIcon;
				CODE_SIGN_ENTITLEMENTS = "";
				CODE_SIGN_IDENTITY = "iPhone Distribution: reisa prasaptaraya (S53A734269)";
				"CODE_SIGN_IDENTITY[sdk=iphoneos*]" = "iPhone Distribution: reisa prasaptaraya (S53A734269)";
				GCC_PRECOMPILE_PREFIX_HEADER = YES;
				GCC_PREFIX_HEADER = "$(SRCROOT)/PrefixHeader.pch";
				INFOPLIST_FILE = PDAMObj/Info.plist;
				IPHONEOS_DEPLOYMENT_TARGET = 8.0;
				LD_RUNPATH_SEARCH_PATHS = "$(inherited) @executable_path/Frameworks";
				PRODUCT_BUNDLE_IDENTIFIER = com.reisap.pln;
				PRODUCT_NAME = "$(TARGET_NAME)";
				PROVISIONING_PROFILE = "fa2daa1a-5401-46f2-8052-509db374ab07";
			};
			name = Debug;
		};
		A756FE661CCDEF6D00547C65 /* Release */ = {
			isa = XCBuildConfiguration;
			baseConfigurationReference = 4B15F260D648DB6D2BC28C9C /* Pods-PDAMObj.release.xcconfig */;
			buildSettings = {
				ASSETCATALOG_COMPILER_APPICON_NAME = AppIcon;
				CODE_SIGN_ENTITLEMENTS = "";
				CODE_SIGN_IDENTITY = "iPhone Distribution: reisa prasaptaraya (S53A734269)";
				"CODE_SIGN_IDENTITY[sdk=iphoneos*]" = "iPhone Distribution: reisa prasaptaraya (S53A734269)";
				GCC_PRECOMPILE_PREFIX_HEADER = YES;
				GCC_PREFIX_HEADER = "$(SRCROOT)/PrefixHeader.pch";
				INFOPLIST_FILE = PDAMObj/Info.plist;
				IPHONEOS_DEPLOYMENT_TARGET = 8.0;
				LD_RUNPATH_SEARCH_PATHS = "$(inherited) @executable_path/Frameworks";
				PRODUCT_BUNDLE_IDENTIFIER = com.reisap.pln;
				PRODUCT_NAME = "$(TARGET_NAME)";
				PROVISIONING_PROFILE = "fa2daa1a-5401-46f2-8052-509db374ab07";
			};
			name = Release;
		};
/* End XCBuildConfiguration section */

/* Begin XCConfigurationList section */
		A756FE481CCDEF6B00547C65 /* Build configuration list for PBXProject "PDAMObj" */ = {
			isa = XCConfigurationList;
			buildConfigurations = (
				A756FE621CCDEF6D00547C65 /* Debug */,
				A756FE631CCDEF6D00547C65 /* Release */,
			);
			defaultConfigurationIsVisible = 0;
			defaultConfigurationName = Release;
		};
		A756FE641CCDEF6D00547C65 /* Build configuration list for PBXNativeTarget "PDAMObj" */ = {
			isa = XCConfigurationList;
			buildConfigurations = (
				A756FE651CCDEF6D00547C65 /* Debug */,
				A756FE661CCDEF6D00547C65 /* Release */,
			);
			defaultConfigurationIsVisible = 0;
			defaultConfigurationName = Release;
		};
/* End XCConfigurationList section */

/* Begin XCVersionGroup section */
		A79B3A4C1CCF1C6200B9E505 /* SaveUser.xcdatamodeld */ = {
			isa = XCVersionGroup;
			children = (
				A79B3A4D1CCF1C6200B9E505 /* SaveUser.xcdatamodel */,
			);
			currentVersion = A79B3A4D1CCF1C6200B9E505 /* SaveUser.xcdatamodel */;
			path = SaveUser.xcdatamodeld;
			sourceTree = "<group>";
			versionGroupType = wrapper.xcdatamodel;
		};
/* End XCVersionGroup section */
	};
	rootObject = A756FE451CCDEF6B00547C65 /* Project object */;
}
